
Microsoft Visual Studio Solution File, Format Version 12.00
# Visual Studio Version 16
VisualStudioVersion = 16.0.29215.179
MinimumVisualStudioVersion = 10.0.40219.1
Project("{FAE04EC0-301F-11D3-BF4B-00C04F79EFBC}") = "tip-calculator", "tip-calculator.csproj", "{7010EA38-60E3-430A-8E11-0B0BA2CD6C69}"
EndProject
Global
	GlobalSection(SolutionConfigurationPlatforms) = preSolution
		Debug|Any CPU = Debug|Any CPU
		Release|Any CPU = Release|Any CPU
	EndGlobalSection
	GlobalSection(ProjectConfigurationPlatforms) = postSolution
		{7010EA38-60E3-430A-8E11-0B0BA2CD6C69}.Debug|Any CPU.ActiveCfg = Debug|Any CPU
		{7010EA38-60E3-430A-8E11-0B0BA2CD6C69}.Debug|Any CPU.Build.0 = Debug|Any CPU
		{7010EA38-60E3-430A-8E11-0B0BA2CD6C69}.Release|Any CPU.ActiveCfg = Release|Any CPU
		{7010EA38-60E3-430A-8E11-0B0BA2CD6C69}.Release|Any CPU.Build.0 = Release|Any CPU
	EndGlobalSection
	GlobalSection(SolutionProperties) = preSolution
		HideSolutionNode = FALSE
	EndGlobalSection
	GlobalSection(ExtensibilityGlobals) = postSolution
		SolutionGuid = {C76C5948-277C-496A-8389-E976A6B08109}
	EndGlobalSection
EndGlobal
